
Microsoft Visual Studio Solution File, Format Version 10.00
# Visual Studio 2008
Project("{FAE04EC0-301F-11D3-BF4B-00C04F79EFBC}") = "Data.Common", "Data.Common\Data.Common.csproj", "{8E9FDAFD-FDC7-45D8-B965-422A531A0F21}"
EndProject
Project("{FAE04EC0-301F-11D3-BF4B-00C04F79EFBC}") = "Data.Common.Tests", "Data.Common.Tests\Data.Common.Tests.csproj", "{27622B99-BFDD-4DCB-9880-BE205716E1CB}"
EndProject
Project("{2150E333-8FDC-42A3-9474-1A3956D46DE8}") = "Solution Items", "Solution Items", "{77E9ABF5-9871-4E35-9ECB-0D01770B807C}"
	ProjectSection(SolutionItems) = preProject
		Data.Common.ttinclude = Data.Common.ttinclude
		Data.Common.vsmdi = Data.Common.vsmdi
		LocalTestRun.testrunconfig = LocalTestRun.testrunconfig
		makeT4Template.vbs = makeT4Template.vbs
		Northwind_Schema_Data_SQLServer.sql = Northwind_Schema_Data_SQLServer.sql
	EndProjectSection
EndProject
Project("{FAE04EC0-301F-11D3-BF4B-00C04F79EFBC}") = "NHibernate.Class", "NHibernate.Class\NHibernate.Class.csproj", "{9E768FCE-ADE4-4DE8-823E-2390D567780C}"
EndProject
Project("{FAE04EC0-301F-11D3-BF4B-00C04F79EFBC}") = "NHibernate.Application", "NHibernate.Application\NHibernate.Application.csproj", "{DB0A38D2-9D23-4F3D-A73C-095705F50642}"
EndProject
Project("{FAE04EC0-301F-11D3-BF4B-00C04F79EFBC}") = "NHibernate.Exporter", "NHibernate.Exporter\NHibernate.Exporter.csproj", "{BF948824-A081-43E7-8B28-2B4F87FFAA42}"
EndProject
Global
	GlobalSection(TestCaseManagementSettings) = postSolution
		CategoryFile = Data.Common.vsmdi
	EndGlobalSection
	GlobalSection(SolutionConfigurationPlatforms) = preSolution
		Debug|Any CPU = Debug|Any CPU
		Release|Any CPU = Release|Any CPU
	EndGlobalSection
	GlobalSection(ProjectConfigurationPlatforms) = postSolution
		{8E9FDAFD-FDC7-45D8-B965-422A531A0F21}.Debug|Any CPU.ActiveCfg = Debug|Any CPU
		{8E9FDAFD-FDC7-45D8-B965-422A531A0F21}.Debug|Any CPU.Build.0 = Debug|Any CPU
		{8E9FDAFD-FDC7-45D8-B965-422A531A0F21}.Release|Any CPU.ActiveCfg = Release|Any CPU
		{8E9FDAFD-FDC7-45D8-B965-422A531A0F21}.Release|Any CPU.Build.0 = Release|Any CPU
		{27622B99-BFDD-4DCB-9880-BE205716E1CB}.Debug|Any CPU.ActiveCfg = Debug|Any CPU
		{27622B99-BFDD-4DCB-9880-BE205716E1CB}.Debug|Any CPU.Build.0 = Debug|Any CPU
		{27622B99-BFDD-4DCB-9880-BE205716E1CB}.Release|Any CPU.ActiveCfg = Release|Any CPU
		{27622B99-BFDD-4DCB-9880-BE205716E1CB}.Release|Any CPU.Build.0 = Release|Any CPU
		{9E768FCE-ADE4-4DE8-823E-2390D567780C}.Debug|Any CPU.ActiveCfg = Debug|Any CPU
		{9E768FCE-ADE4-4DE8-823E-2390D567780C}.Debug|Any CPU.Build.0 = Debug|Any CPU
		{9E768FCE-ADE4-4DE8-823E-2390D567780C}.Release|Any CPU.ActiveCfg = Release|Any CPU
		{9E768FCE-ADE4-4DE8-823E-2390D567780C}.Release|Any CPU.Build.0 = Release|Any CPU
		{DB0A38D2-9D23-4F3D-A73C-095705F50642}.Debug|Any CPU.ActiveCfg = Debug|Any CPU
		{DB0A38D2-9D23-4F3D-A73C-095705F50642}.Debug|Any CPU.Build.0 = Debug|Any CPU
		{DB0A38D2-9D23-4F3D-A73C-095705F50642}.Release|Any CPU.ActiveCfg = Release|Any CPU
		{DB0A38D2-9D23-4F3D-A73C-095705F50642}.Release|Any CPU.Build.0 = Release|Any CPU
		{BF948824-A081-43E7-8B28-2B4F87FFAA42}.Debug|Any CPU.ActiveCfg = Debug|Any CPU
		{BF948824-A081-43E7-8B28-2B4F87FFAA42}.Debug|Any CPU.Build.0 = Debug|Any CPU
		{BF948824-A081-43E7-8B28-2B4F87FFAA42}.Release|Any CPU.ActiveCfg = Release|Any CPU
		{BF948824-A081-43E7-8B28-2B4F87FFAA42}.Release|Any CPU.Build.0 = Release|Any CPU
	EndGlobalSection
	GlobalSection(SolutionProperties) = preSolution
		HideSolutionNode = FALSE
	EndGlobalSection
EndGlobal
